PODS:
  - InAppMachine (1.1.1)
  - SwiftLint (0.25.1)

DEPENDENCIES:
  - InAppMachine (from `../`)
  - SwiftLint

SPEC REPOS:
  https://github.com/CocoaPods/Specs.git:
    - SwiftLint

EXTERNAL SOURCES:
  InAppMachine:
    :path: "../"

SPEC CHECKSUMS:
  InAppMachine: 060352478693c13ff6e3a2b2846921ba87bfc772
  SwiftLint: ce933681be10c3266e82576dad676fa815a602e9

PODFILE CHECKSUM: 537fac73c204a1bec82baf91b65399e980feb81c

COCOAPODS: 1.5.0
